
Microsoft Visual Studio Solution File, Format Version 12.00
# Visual Studio Version 17
VisualStudioVersion = 17.6.33723.286
MinimumVisualStudioVersion = 10.0.40219.1
Project("{FAE04EC0-301F-11D3-BF4B-00C04F79EFBC}") = "WepApi", "WepApi\WepApi.csproj", "{0937CC29-E2B7-41CB-99AD-ABB08BBD3EDA}"
EndProject
Project("{FAE04EC0-301F-11D3-BF4B-00C04F79EFBC}") = "Persistence", "Persistence\Persistence.csproj", "{5D5B5B1D-C766-4766-ADD6-125779FC121B}"
EndProject
Project("{FAE04EC0-301F-11D3-BF4B-00C04F79EFBC}") = "Domain", "Domain\Domain.csproj", "{3E5BA70E-2F3E-404A-A9E5-5683EB11264F}"
EndProject
Project("{FAE04EC0-301F-11D3-BF4B-00C04F79EFBC}") = "Application", "Application\Application.csproj", "{78DF2BE2-0E2B-43CD-BAB5-A4DF7DEE7BBE}"
EndProject
Project("{FAE04EC0-301F-11D3-BF4B-00C04F79EFBC}") = "Infrastructure", "Infrastructure\Infrastructure.csproj", "{B1870FBC-6285-45C4-802E-BB23566732BB}"
EndProject
Global
	GlobalSection(SolutionConfigurationPlatforms) = preSolution
		Debug|Any CPU = Debug|Any CPU
		Release|Any CPU = Release|Any CPU
	EndGlobalSection
	GlobalSection(ProjectConfigurationPlatforms) = postSolution
		{0937CC29-E2B7-41CB-99AD-ABB08BBD3EDA}.Debug|Any CPU.ActiveCfg = Debug|Any CPU
		{0937CC29-E2B7-41CB-99AD-ABB08BBD3EDA}.Debug|Any CPU.Build.0 = Debug|Any CPU
		{0937CC29-E2B7-41CB-99AD-ABB08BBD3EDA}.Release|Any CPU.ActiveCfg = Release|Any CPU
		{0937CC29-E2B7-41CB-99AD-ABB08BBD3EDA}.Release|Any CPU.Build.0 = Release|Any CPU
		{5D5B5B1D-C766-4766-ADD6-125779FC121B}.Debug|Any CPU.ActiveCfg = Debug|Any CPU
		{5D5B5B1D-C766-4766-ADD6-125779FC121B}.Debug|Any CPU.Build.0 = Debug|Any CPU
		{5D5B5B1D-C766-4766-ADD6-125779FC121B}.Release|Any CPU.ActiveCfg = Release|Any CPU
		{5D5B5B1D-C766-4766-ADD6-125779FC121B}.Release|Any CPU.Build.0 = Release|Any CPU
		{3E5BA70E-2F3E-404A-A9E5-5683EB11264F}.Debug|Any CPU.ActiveCfg = Debug|Any CPU
		{3E5BA70E-2F3E-404A-A9E5-5683EB11264F}.Debug|Any CPU.Build.0 = Debug|Any CPU
		{3E5BA70E-2F3E-404A-A9E5-5683EB11264F}.Release|Any CPU.ActiveCfg = Release|Any CPU
		{3E5BA70E-2F3E-404A-A9E5-5683EB11264F}.Release|Any CPU.Build.0 = Release|Any CPU
		{78DF2BE2-0E2B-43CD-BAB5-A4DF7DEE7BBE}.Debug|Any CPU.ActiveCfg = Debug|Any CPU
		{78DF2BE2-0E2B-43CD-BAB5-A4DF7DEE7BBE}.Debug|Any CPU.Build.0 = Debug|Any CPU
		{78DF2BE2-0E2B-43CD-BAB5-A4DF7DEE7BBE}.Release|Any CPU.ActiveCfg = Release|Any CPU
		{78DF2BE2-0E2B-43CD-BAB5-A4DF7DEE7BBE}.Release|Any CPU.Build.0 = Release|Any CPU
		{B1870FBC-6285-45C4-802E-BB23566732BB}.Debug|Any CPU.ActiveCfg = Debug|Any CPU
		{B1870FBC-6285-45C4-802E-BB23566732BB}.Debug|Any CPU.Build.0 = Debug|Any CPU
		{B1870FBC-6285-45C4-802E-BB23566732BB}.Release|Any CPU.ActiveCfg = Release|Any CPU
		{B1870FBC-6285-45C4-802E-BB23566732BB}.Release|Any CPU.Build.0 = Release|Any CPU
	EndGlobalSection
	GlobalSection(SolutionProperties) = preSolution
		HideSolutionNode = FALSE
	EndGlobalSection
	GlobalSection(ExtensibilityGlobals) = postSolution
		SolutionGuid = {CD384968-96F0-443F-A5E4-F3B9A4D0ABED}
	EndGlobalSection
EndGlobal
